
Microsoft Visual Studio Solution File, Format Version 11.00
# Visual Studio 2010
# SharpDevelop 4.4
Project("{FAE04EC0-301F-11D3-BF4B-00C04F79EFBC}") = "QuasarCare", "QuasarCare\QuasarCare.csproj", "{B691AF38-12D4-4E61-98D3-88072F3FED20}"
EndProject
Global
	GlobalSection(SolutionConfigurationPlatforms) = preSolution
		Debug|Any CPU = Debug|Any CPU
		Release|Any CPU = Release|Any CPU
	EndGlobalSection
	GlobalSection(ProjectConfigurationPlatforms) = postSolution
		{B691AF38-12D4-4E61-98D3-88072F3FED20}.Debug|Any CPU.Build.0 = Debug|Any CPU
		{B691AF38-12D4-4E61-98D3-88072F3FED20}.Debug|Any CPU.ActiveCfg = Debug|Any CPU
		{B691AF38-12D4-4E61-98D3-88072F3FED20}.Release|Any CPU.Build.0 = Release|Any CPU
		{B691AF38-12D4-4E61-98D3-88072F3FED20}.Release|Any CPU.ActiveCfg = Release|Any CPU
	EndGlobalSection
EndGlobal
